
Microsoft Visual Studio Solution File, Format Version 12.00
# Visual Studio Express 2013 for Windows Desktop
VisualStudioVersion = 12.0.21005.1
MinimumVisualStudioVersion = 10.0.40219.1
Project("{FAE04EC0-301F-11D3-BF4B-00C04F79EFBC}") = "arrayRun1", "arrayRun1\arrayRun1.csproj", "{ED226F51-A8BF-4C6C-B1F6-3D77678C8DD5}"
EndProject
Global
	GlobalSection(SolutionConfigurationPlatforms) = preSolution
		Debug|Any CPU = Debug|Any CPU
		Release|Any CPU = Release|Any CPU
	EndGlobalSection
	GlobalSection(ProjectConfigurationPlatforms) = postSolution
		{ED226F51-A8BF-4C6C-B1F6-3D77678C8DD5}.Debug|Any CPU.ActiveCfg = Debug|Any CPU
		{ED226F51-A8BF-4C6C-B1F6-3D77678C8DD5}.Debug|Any CPU.Build.0 = Debug|Any CPU
		{ED226F51-A8BF-4C6C-B1F6-3D77678C8DD5}.Release|Any CPU.ActiveCfg = Release|Any CPU
		{ED226F51-A8BF-4C6C-B1F6-3D77678C8DD5}.Release|Any CPU.Build.0 = Release|Any CPU
	EndGlobalSection
	GlobalSection(SolutionProperties) = preSolution
		HideSolutionNode = FALSE
	EndGlobalSection
EndGlobal
